{
  "dependencies": {
    "align-text": {
      "version": "0.1.4",
      "from": "align-text@>=0.1.3 <0.2.0",
      "resolved": "https://registry.npmjs.org/align-text/-/align-text-0.1.4.tgz"
    },
    "amdefine": {
      "version": "1.0.1",
      "from": "amdefine@>=0.0.4",
      "resolved": "https://registry.npmjs.org/amdefine/-/amdefine-1.0.1.tgz"
    },
    "async": {
      "version": "1.5.2",
      "from": "async@>=1.4.0 <2.0.0",
      "resolved": "https://registry.npmjs.org/async/-/async-1.5.2.tgz"
    },
    "autoprefixer": {
      "version": "6.3.4",
      "from": "autoprefixer@>=6.3.1 <7.0.0",
      "resolved": "https://registry.npmjs.org/autoprefixer/-/autoprefixer-6.3.4.tgz",
      "dependencies": {
        "browserslist": {
          "version": "1.3.0",
          "from": "browserslist@>=1.3.0 <1.4.0",
          "resolved": "https://registry.npmjs.org/browserslist/-/browserslist-1.3.0.tgz"
        },
        "caniuse-db": {
          "version": "1.0.30000436",
          "from": "caniuse-db@>=1.0.30000435 <2.0.0",
          "resolved": "https://registry.npmjs.org/caniuse-db/-/caniuse-db-1.0.30000436.tgz"
        },
        "normalize-range": {
          "version": "0.1.2",
          "from": "normalize-range@>=0.1.2 <0.2.0",
          "resolved": "https://registry.npmjs.org/normalize-range/-/normalize-range-0.1.2.tgz"
        },
        "num2fraction": {
          "version": "1.2.2",
          "from": "num2fraction@>=1.2.2 <2.0.0",
          "resolved": "https://registry.npmjs.org/num2fraction/-/num2fraction-1.2.2.tgz"
        },
        "postcss": {
          "version": "5.0.19",
          "from": "postcss@>=5.0.19 <6.0.0",
          "resolved": "https://registry.npmjs.org/postcss/-/postcss-5.0.19.tgz",
          "dependencies": {
            "js-base64": {
              "version": "2.1.9",
              "from": "js-base64@>=2.1.9 <3.0.0",
              "resolved": "https://registry.npmjs.org/js-base64/-/js-base64-2.1.9.tgz"
            },
            "source-map": {
              "version": "0.5.3",
              "from": "source-map@>=0.5.1 <0.6.0",
              "resolved": "https://registry.npmjs.org/source-map/-/source-map-0.5.3.tgz"
            },
            "supports-color": {
              "version": "3.1.2",
              "from": "supports-color@>=3.1.2 <4.0.0",
              "resolved": "https://registry.npmjs.org/supports-color/-/supports-color-3.1.2.tgz",
              "dependencies": {
                "has-flag": {
                  "version": "1.0.0",
                  "from": "has-flag@>=1.0.0 <2.0.0",
                  "resolved": "https://registry.npmjs.org/has-flag/-/has-flag-1.0.0.tgz"
                }
              }
            }
          }
        },
        "postcss-value-parser": {
          "version": "3.3.0",
          "from": "postcss-value-parser@>=3.2.3 <4.0.0",
          "resolved": "https://registry.npmjs.org/postcss-value-parser/-/postcss-value-parser-3.3.0.tgz"
        }
      }
    },
    "babel-runtime": {
      "version": "6.18.0",
      "from": "babel-runtime@latest",
      "resolved": "https://registry.npmjs.org/babel-runtime/-/babel-runtime-6.18.0.tgz"
    },
    "bcrypt": {
      "version": "0.8.7",
      "from": "bcrypt@latest",
      "resolved": "https://registry.npmjs.org/bcrypt/-/bcrypt-0.8.7.tgz"
    },
    "bindings": {
      "version": "1.2.1",
      "from": "bindings@1.2.1",
      "resolved": "https://registry.npmjs.org/bindings/-/bindings-1.2.1.tgz"
    },
    "camelcase": {
      "version": "1.2.1",
      "from": "camelcase@>=1.0.2 <2.0.0",
      "resolved": "https://registry.npmjs.org/camelcase/-/camelcase-1.2.1.tgz",
      "optional": true
    },
    "center-align": {
      "version": "0.1.3",
      "from": "center-align@>=0.1.1 <0.2.0",
      "resolved": "https://registry.npmjs.org/center-align/-/center-align-0.1.3.tgz",
      "optional": true
    },
    "cliui": {
      "version": "2.1.0",
      "from": "cliui@>=2.1.0 <3.0.0",
      "resolved": "https://registry.npmjs.org/cliui/-/cliui-2.1.0.tgz",
      "optional": true,
      "dependencies": {
        "wordwrap": {
          "version": "0.0.2",
          "from": "wordwrap@0.0.2",
          "resolved": "https://registry.npmjs.org/wordwrap/-/wordwrap-0.0.2.tgz",
          "optional": true
        }
      }
    },
    "clone": {
      "version": "1.0.2",
      "from": "clone@1.0.2",
      "resolved": "https://registry.npmjs.org/clone/-/clone-1.0.2.tgz"
    },
    "core-js": {
      "version": "2.4.1",
      "from": "core-js@>=2.4.0 <3.0.0",
      "resolved": "https://registry.npmjs.org/core-js/-/core-js-2.4.1.tgz"
    },
    "decamelize": {
      "version": "1.2.0",
      "from": "decamelize@>=1.0.0 <2.0.0",
      "resolved": "https://registry.npmjs.org/decamelize/-/decamelize-1.2.0.tgz",
      "optional": true
    },
    "deep-extend": {
      "version": "0.4.1",
      "from": "deep-extend@0.4.1",
      "resolved": "https://registry.npmjs.org/deep-extend/-/deep-extend-0.4.1.tgz"
    },
    "faker": {
      "version": "3.1.0",
      "from": "faker@>=3.0.1 <4.0.0",
      "resolved": "https://registry.npmjs.org/faker/-/faker-3.1.0.tgz"
    },
    "handlebars": {
      "version": "4.0.10",
      "from": "handlebars@>=4.0.5 <5.0.0",
      "resolved": "https://registry.npmjs.org/handlebars/-/handlebars-4.0.10.tgz",
      "dependencies": {
        "source-map": {
          "version": "0.4.4",
          "from": "source-map@>=0.4.4 <0.5.0",
          "resolved": "https://registry.npmjs.org/source-map/-/source-map-0.4.4.tgz"
        }
      }
    },
    "is-buffer": {
      "version": "1.1.5",
      "from": "is-buffer@>=1.1.5 <2.0.0",
      "resolved": "https://registry.npmjs.org/is-buffer/-/is-buffer-1.1.5.tgz"
    },
    "kind-of": {
      "version": "3.2.2",
      "from": "kind-of@>=3.0.2 <4.0.0",
      "resolved": "https://registry.npmjs.org/kind-of/-/kind-of-3.2.2.tgz"
    },
    "lazy-cache": {
      "version": "1.0.4",
      "from": "lazy-cache@>=1.0.3 <2.0.0",
      "resolved": "https://registry.npmjs.org/lazy-cache/-/lazy-cache-1.0.4.tgz",
      "optional": true
    },
    "lodash": {
      "version": "4.12.0",
      "from": "lodash@4.12.0",
      "resolved": "https://registry.npmjs.org/lodash/-/lodash-4.12.0.tgz"
    },
    "longest": {
      "version": "1.0.1",
      "from": "longest@>=1.0.1 <2.0.0",
      "resolved": "https://registry.npmjs.org/longest/-/longest-1.0.1.tgz"
    },
    "message-box": {
      "version": "0.0.2",
      "from": "message-box@0.0.2",
      "resolved": "https://registry.npmjs.org/message-box/-/message-box-0.0.2.tgz"
    },
    "minimist": {
      "version": "0.0.8",
      "from": "minimist@0.0.8",
      "resolved": "https://registry.npmjs.org/minimist/-/minimist-0.0.8.tgz"
    },
    "moment": {
      "version": "2.13.0",
      "from": "moment@2.13.0",
      "resolved": "https://registry.npmjs.org/moment/-/moment-2.13.0.tgz"
    },
    "mongo-object": {
      "version": "0.0.1",
      "from": "mongo-object@0.0.1",
      "resolved": "https://registry.npmjs.org/mongo-object/-/mongo-object-0.0.1.tgz"
    },
    "nan": {
      "version": "2.3.5",
      "from": "nan@2.3.5",
      "resolved": "https://registry.npmjs.org/nan/-/nan-2.3.5.tgz"
    },
    "optimist": {
      "version": "0.6.1",
      "from": "optimist@>=0.6.1 <0.7.0",
      "resolved": "https://registry.npmjs.org/optimist/-/optimist-0.6.1.tgz",
      "dependencies": {
        "wordwrap": {
          "version": "0.0.3",
          "from": "wordwrap@>=0.0.2 <0.1.0",
          "resolved": "https://registry.npmjs.org/wordwrap/-/wordwrap-0.0.3.tgz"
        }
      }
    },
    "regenerator-runtime": {
      "version": "0.9.6",
      "from": "regenerator-runtime@>=0.9.5 <0.10.0",
      "resolved": "https://registry.npmjs.org/regenerator-runtime/-/regenerator-runtime-0.9.6.tgz"
    },
    "repeat-string": {
      "version": "1.6.1",
      "from": "repeat-string@>=1.5.2 <2.0.0",
      "resolved": "https://registry.npmjs.org/repeat-string/-/repeat-string-1.6.1.tgz"
    },
    "right-align": {
      "version": "0.1.3",
      "from": "right-align@>=0.1.1 <0.2.0",
      "resolved": "https://registry.npmjs.org/right-align/-/right-align-0.1.3.tgz",
      "optional": true
    },
    "simpl-schema": {
      "version": "0.3.0",
      "from": "simpl-schema@>=0.3.0 <0.4.0",
      "resolved": "https://registry.npmjs.org/simpl-schema/-/simpl-schema-0.3.0.tgz"
    },
    "source-map": {
      "version": "0.5.6",
      "from": "source-map@>=0.5.0 <0.6.0",
      "resolved": "https://registry.npmjs.org/source-map/-/source-map-0.5.6.tgz"
    },
    "uglify-js": {
      "version": "2.8.27",
      "from": "uglify-js@>=2.6.0 <3.0.0",
      "resolved": "https://registry.npmjs.org/uglify-js/-/uglify-js-2.8.27.tgz",
      "optional": true
    },
    "uglify-to-browserify": {
      "version": "1.0.2",
      "from": "uglify-to-browserify@>=1.0.0 <1.1.0",
      "resolved": "https://registry.npmjs.org/uglify-to-browserify/-/uglify-to-browserify-1.0.2.tgz",
      "optional": true
    },
    "underscore": {
      "version": "1.8.3",
      "from": "underscore@1.8.3",
      "resolved": "https://registry.npmjs.org/underscore/-/underscore-1.8.3.tgz"
    },
    "window-size": {
      "version": "0.1.0",
      "from": "window-size@0.1.0",
      "resolved": "https://registry.npmjs.org/window-size/-/window-size-0.1.0.tgz",
      "optional": true
    },
    "yargs": {
      "version": "3.10.0",
      "from": "yargs@>=3.10.0 <3.11.0",
      "resolved": "https://registry.npmjs.org/yargs/-/yargs-3.10.0.tgz",
      "optional": true
    }
  }
}
